
Microsoft Visual Studio Solution File, Format Version 12.00
# Visual Studio Version 17
VisualStudioVersion = 17.0.31903.59
MinimumVisualStudioVersion = 10.0.40219.1
Project("{2150E333-8FDC-42A3-9474-1A3956D46DE8}") = "src", "src", "{27300AFF-4CD0-4F55-BBBA-BB98BF94F7D3}"
EndProject
Project("{FAE04EC0-301F-11D3-BF4B-00C04F79EFBC}") = "Compta_perso", "src\Compta_perso\Compta_perso.csproj", "{4AC0CA1D-1EB7-4455-AE87-94E57C88DFB3}"
EndProject
Project("{FAE04EC0-301F-11D3-BF4B-00C04F79EFBC}") = "Compta_perso.Tests", "src\Compta_perso.Tests\Compta_perso.Tests.csproj", "{C6197310-631E-40AA-A84B-452B05B83B58}"
EndProject
Global
	GlobalSection(SolutionConfigurationPlatforms) = preSolution
		Debug|Any CPU = Debug|Any CPU
		Release|Any CPU = Release|Any CPU
	EndGlobalSection
	GlobalSection(SolutionProperties) = preSolution
		HideSolutionNode = FALSE
	EndGlobalSection
	GlobalSection(ProjectConfigurationPlatforms) = postSolution
		{4AC0CA1D-1EB7-4455-AE87-94E57C88DFB3}.Debug|Any CPU.ActiveCfg = Debug|Any CPU
		{4AC0CA1D-1EB7-4455-AE87-94E57C88DFB3}.Debug|Any CPU.Build.0 = Debug|Any CPU
		{4AC0CA1D-1EB7-4455-AE87-94E57C88DFB3}.Release|Any CPU.ActiveCfg = Release|Any CPU
		{4AC0CA1D-1EB7-4455-AE87-94E57C88DFB3}.Release|Any CPU.Build.0 = Release|Any CPU
		{C6197310-631E-40AA-A84B-452B05B83B58}.Debug|Any CPU.ActiveCfg = Debug|Any CPU
		{C6197310-631E-40AA-A84B-452B05B83B58}.Debug|Any CPU.Build.0 = Debug|Any CPU
		{C6197310-631E-40AA-A84B-452B05B83B58}.Release|Any CPU.ActiveCfg = Release|Any CPU
		{C6197310-631E-40AA-A84B-452B05B83B58}.Release|Any CPU.Build.0 = Release|Any CPU
	EndGlobalSection
	GlobalSection(NestedProjects) = preSolution
		{4AC0CA1D-1EB7-4455-AE87-94E57C88DFB3} = {27300AFF-4CD0-4F55-BBBA-BB98BF94F7D3}
		{C6197310-631E-40AA-A84B-452B05B83B58} = {27300AFF-4CD0-4F55-BBBA-BB98BF94F7D3}
	EndGlobalSection
EndGlobal
